
Microsoft Visual Studio Solution File, Format Version 12.00
# Visual Studio Version 17
VisualStudioVersion = 17.11.35327.3
MinimumVisualStudioVersion = 10.0.40219.1
Project("{FAE04EC0-301F-11D3-BF4B-00C04F79EFBC}") = "Exercice1", "Exercice1\Exercice1.csproj", "{1EFCB1C5-7FF3-4D84-96A3-CCBFC5E3422B}"
EndProject
Project("{FAE04EC0-301F-11D3-BF4B-00C04F79EFBC}") = "Exercice2", "Exercice2\Exercice2.csproj", "{F641965D-DADC-4221-AB10-0ECF82B07D01}"
EndProject
Project("{FAE04EC0-301F-11D3-BF4B-00C04F79EFBC}") = "Exercice3", "Exercice3\Exercice3.csproj", "{9999055B-EB25-48C7-A7B3-7EDC9ED3FE02}"
EndProject
Project("{FAE04EC0-301F-11D3-BF4B-00C04F79EFBC}") = "Exercice4", "Exercice4\Exercice4.csproj", "{A0B1596A-33A8-4629-A3F5-BBF967829AB6}"
EndProject
Project("{FAE04EC0-301F-11D3-BF4B-00C04F79EFBC}") = "Exercice5", "Exercice5\Exercice5.csproj", "{F4E51EB5-A318-47DC-A555-805716B5E722}"
EndProject
Project("{FAE04EC0-301F-11D3-BF4B-00C04F79EFBC}") = "Exercice6", "Exercice6\Exercice6.csproj", "{1FB5418C-C916-486E-90CA-867834A2546C}"
EndProject
Project("{FAE04EC0-301F-11D3-BF4B-00C04F79EFBC}") = "Exercice7", "Exercice7\Exercice7.csproj", "{99834159-B6B0-45E2-B5A4-4628051322CC}"
EndProject
Global
	GlobalSection(SolutionConfigurationPlatforms) = preSolution
		Debug|Any CPU = Debug|Any CPU
		Release|Any CPU = Release|Any CPU
	EndGlobalSection
	GlobalSection(ProjectConfigurationPlatforms) = postSolution
		{1EFCB1C5-7FF3-4D84-96A3-CCBFC5E3422B}.Debug|Any CPU.ActiveCfg = Debug|Any CPU
		{1EFCB1C5-7FF3-4D84-96A3-CCBFC5E3422B}.Debug|Any CPU.Build.0 = Debug|Any CPU
		{1EFCB1C5-7FF3-4D84-96A3-CCBFC5E3422B}.Release|Any CPU.ActiveCfg = Release|Any CPU
		{1EFCB1C5-7FF3-4D84-96A3-CCBFC5E3422B}.Release|Any CPU.Build.0 = Release|Any CPU
		{F641965D-DADC-4221-AB10-0ECF82B07D01}.Debug|Any CPU.ActiveCfg = Debug|Any CPU
		{F641965D-DADC-4221-AB10-0ECF82B07D01}.Debug|Any CPU.Build.0 = Debug|Any CPU
		{F641965D-DADC-4221-AB10-0ECF82B07D01}.Release|Any CPU.ActiveCfg = Release|Any CPU
		{F641965D-DADC-4221-AB10-0ECF82B07D01}.Release|Any CPU.Build.0 = Release|Any CPU
		{9999055B-EB25-48C7-A7B3-7EDC9ED3FE02}.Debug|Any CPU.ActiveCfg = Debug|Any CPU
		{9999055B-EB25-48C7-A7B3-7EDC9ED3FE02}.Debug|Any CPU.Build.0 = Debug|Any CPU
		{9999055B-EB25-48C7-A7B3-7EDC9ED3FE02}.Release|Any CPU.ActiveCfg = Release|Any CPU
		{9999055B-EB25-48C7-A7B3-7EDC9ED3FE02}.Release|Any CPU.Build.0 = Release|Any CPU
		{A0B1596A-33A8-4629-A3F5-BBF967829AB6}.Debug|Any CPU.ActiveCfg = Debug|Any CPU
		{A0B1596A-33A8-4629-A3F5-BBF967829AB6}.Debug|Any CPU.Build.0 = Debug|Any CPU
		{A0B1596A-33A8-4629-A3F5-BBF967829AB6}.Release|Any CPU.ActiveCfg = Release|Any CPU
		{A0B1596A-33A8-4629-A3F5-BBF967829AB6}.Release|Any CPU.Build.0 = Release|Any CPU
		{F4E51EB5-A318-47DC-A555-805716B5E722}.Debug|Any CPU.ActiveCfg = Debug|Any CPU
		{F4E51EB5-A318-47DC-A555-805716B5E722}.Debug|Any CPU.Build.0 = Debug|Any CPU
		{F4E51EB5-A318-47DC-A555-805716B5E722}.Release|Any CPU.ActiveCfg = Release|Any CPU
		{F4E51EB5-A318-47DC-A555-805716B5E722}.Release|Any CPU.Build.0 = Release|Any CPU
		{1FB5418C-C916-486E-90CA-867834A2546C}.Debug|Any CPU.ActiveCfg = Debug|Any CPU
		{1FB5418C-C916-486E-90CA-867834A2546C}.Debug|Any CPU.Build.0 = Debug|Any CPU
		{1FB5418C-C916-486E-90CA-867834A2546C}.Release|Any CPU.ActiveCfg = Release|Any CPU
		{1FB5418C-C916-486E-90CA-867834A2546C}.Release|Any CPU.Build.0 = Release|Any CPU
		{99834159-B6B0-45E2-B5A4-4628051322CC}.Debug|Any CPU.ActiveCfg = Debug|Any CPU
		{99834159-B6B0-45E2-B5A4-4628051322CC}.Debug|Any CPU.Build.0 = Debug|Any CPU
		{99834159-B6B0-45E2-B5A4-4628051322CC}.Release|Any CPU.ActiveCfg = Release|Any CPU
		{99834159-B6B0-45E2-B5A4-4628051322CC}.Release|Any CPU.Build.0 = Release|Any CPU
	EndGlobalSection
	GlobalSection(SolutionProperties) = preSolution
		HideSolutionNode = FALSE
	EndGlobalSection
	GlobalSection(ExtensibilityGlobals) = postSolution
		SolutionGuid = {F4DBE6A8-BF2D-4369-85CD-37A9B8B016DB}
	EndGlobalSection
EndGlobal
