
Microsoft Visual Studio Solution File, Format Version 12.00
# Visual Studio Version 17
VisualStudioVersion = 17.11.35327.3
MinimumVisualStudioVersion = 10.0.40219.1
Project("{FAE04EC0-301F-11D3-BF4B-00C04F79EFBC}") = "Exercice1", "Exercice1\Exercice1.csproj", "{8CEB8EA9-9447-4180-A6DF-F8032D14BC91}"
EndProject
Project("{FAE04EC0-301F-11D3-BF4B-00C04F79EFBC}") = "Exercice2", "Exercice2\Exercice2.csproj", "{09AE56A5-11D3-49A5-B332-B77E75CAB9D5}"
EndProject
Project("{FAE04EC0-301F-11D3-BF4B-00C04F79EFBC}") = "Exercice3", "Exercice3\Exercice3.csproj", "{AF29FE93-E40E-491F-8999-C686B5DA6D16}"
EndProject
Global
	GlobalSection(SolutionConfigurationPlatforms) = preSolution
		Debug|Any CPU = Debug|Any CPU
		Release|Any CPU = Release|Any CPU
	EndGlobalSection
	GlobalSection(ProjectConfigurationPlatforms) = postSolution
		{8CEB8EA9-9447-4180-A6DF-F8032D14BC91}.Debug|Any CPU.ActiveCfg = Debug|Any CPU
		{8CEB8EA9-9447-4180-A6DF-F8032D14BC91}.Debug|Any CPU.Build.0 = Debug|Any CPU
		{8CEB8EA9-9447-4180-A6DF-F8032D14BC91}.Release|Any CPU.ActiveCfg = Release|Any CPU
		{8CEB8EA9-9447-4180-A6DF-F8032D14BC91}.Release|Any CPU.Build.0 = Release|Any CPU
		{09AE56A5-11D3-49A5-B332-B77E75CAB9D5}.Debug|Any CPU.ActiveCfg = Debug|Any CPU
		{09AE56A5-11D3-49A5-B332-B77E75CAB9D5}.Debug|Any CPU.Build.0 = Debug|Any CPU
		{09AE56A5-11D3-49A5-B332-B77E75CAB9D5}.Release|Any CPU.ActiveCfg = Release|Any CPU
		{09AE56A5-11D3-49A5-B332-B77E75CAB9D5}.Release|Any CPU.Build.0 = Release|Any CPU
		{AF29FE93-E40E-491F-8999-C686B5DA6D16}.Debug|Any CPU.ActiveCfg = Debug|Any CPU
		{AF29FE93-E40E-491F-8999-C686B5DA6D16}.Debug|Any CPU.Build.0 = Debug|Any CPU
		{AF29FE93-E40E-491F-8999-C686B5DA6D16}.Release|Any CPU.ActiveCfg = Release|Any CPU
		{AF29FE93-E40E-491F-8999-C686B5DA6D16}.Release|Any CPU.Build.0 = Release|Any CPU
	EndGlobalSection
	GlobalSection(SolutionProperties) = preSolution
		HideSolutionNode = FALSE
	EndGlobalSection
	GlobalSection(ExtensibilityGlobals) = postSolution
		SolutionGuid = {179A8A1A-24A6-458A-BCAF-5B1FF1D72852}
	EndGlobalSection
EndGlobal
