
Microsoft Visual Studio Solution File, Format Version 12.00
# Visual Studio Version 17
VisualStudioVersion = 17.11.35327.3
MinimumVisualStudioVersion = 10.0.40219.1
Project("{FAE04EC0-301F-11D3-BF4B-00C04F79EFBC}") = "Exercice1", "Exercice1\Exercice1.csproj", "{35FD6666-EB1D-4603-82D7-2AE3245158FB}"
EndProject
Global
	GlobalSection(SolutionConfigurationPlatforms) = preSolution
		Debug|Any CPU = Debug|Any CPU
		Release|Any CPU = Release|Any CPU
	EndGlobalSection
	GlobalSection(ProjectConfigurationPlatforms) = postSolution
		{35FD6666-EB1D-4603-82D7-2AE3245158FB}.Debug|Any CPU.ActiveCfg = Debug|Any CPU
		{35FD6666-EB1D-4603-82D7-2AE3245158FB}.Debug|Any CPU.Build.0 = Debug|Any CPU
		{35FD6666-EB1D-4603-82D7-2AE3245158FB}.Release|Any CPU.ActiveCfg = Release|Any CPU
		{35FD6666-EB1D-4603-82D7-2AE3245158FB}.Release|Any CPU.Build.0 = Release|Any CPU
	EndGlobalSection
	GlobalSection(SolutionProperties) = preSolution
		HideSolutionNode = FALSE
	EndGlobalSection
	GlobalSection(ExtensibilityGlobals) = postSolution
		SolutionGuid = {304DCCD6-B1BD-4CA1-90C5-DC17D0BF0389}
	EndGlobalSection
EndGlobal
