
Microsoft Visual Studio Solution File, Format Version 12.00
# Visual Studio Version 17
VisualStudioVersion = 17.11.35327.3
MinimumVisualStudioVersion = 10.0.40219.1
Project("{FAE04EC0-301F-11D3-BF4B-00C04F79EFBC}") = "Exercice1", "Exercice1\Exercice1.csproj", "{A2E39E1A-1ACD-4C82-882A-957C9188E3D9}"
EndProject
Project("{FAE04EC0-301F-11D3-BF4B-00C04F79EFBC}") = "Exercice2", "Exercice2\Exercice2.csproj", "{3ED1CF26-8076-46CC-B5CE-69C69F16F291}"
EndProject
Project("{FAE04EC0-301F-11D3-BF4B-00C04F79EFBC}") = "Exercice3", "Exercice3\Exercice3.csproj", "{026C2920-16D2-442A-824D-37D2DA15D39F}"
EndProject
Global
	GlobalSection(SolutionConfigurationPlatforms) = preSolution
		Debug|Any CPU = Debug|Any CPU
		Release|Any CPU = Release|Any CPU
	EndGlobalSection
	GlobalSection(ProjectConfigurationPlatforms) = postSolution
		{A2E39E1A-1ACD-4C82-882A-957C9188E3D9}.Debug|Any CPU.ActiveCfg = Debug|Any CPU
		{A2E39E1A-1ACD-4C82-882A-957C9188E3D9}.Debug|Any CPU.Build.0 = Debug|Any CPU
		{A2E39E1A-1ACD-4C82-882A-957C9188E3D9}.Release|Any CPU.ActiveCfg = Release|Any CPU
		{A2E39E1A-1ACD-4C82-882A-957C9188E3D9}.Release|Any CPU.Build.0 = Release|Any CPU
		{3ED1CF26-8076-46CC-B5CE-69C69F16F291}.Debug|Any CPU.ActiveCfg = Debug|Any CPU
		{3ED1CF26-8076-46CC-B5CE-69C69F16F291}.Debug|Any CPU.Build.0 = Debug|Any CPU
		{3ED1CF26-8076-46CC-B5CE-69C69F16F291}.Release|Any CPU.ActiveCfg = Release|Any CPU
		{3ED1CF26-8076-46CC-B5CE-69C69F16F291}.Release|Any CPU.Build.0 = Release|Any CPU
		{026C2920-16D2-442A-824D-37D2DA15D39F}.Debug|Any CPU.ActiveCfg = Debug|Any CPU
		{026C2920-16D2-442A-824D-37D2DA15D39F}.Debug|Any CPU.Build.0 = Debug|Any CPU
		{026C2920-16D2-442A-824D-37D2DA15D39F}.Release|Any CPU.ActiveCfg = Release|Any CPU
		{026C2920-16D2-442A-824D-37D2DA15D39F}.Release|Any CPU.Build.0 = Release|Any CPU
	EndGlobalSection
	GlobalSection(SolutionProperties) = preSolution
		HideSolutionNode = FALSE
	EndGlobalSection
	GlobalSection(ExtensibilityGlobals) = postSolution
		SolutionGuid = {DC179578-7864-431A-8AF9-AA809650D68E}
	EndGlobalSection
EndGlobal
